
Microsoft Visual Studio Solution File, Format Version 12.00
# Visual Studio Version 16
VisualStudioVersion = 16.0.30621.155
MinimumVisualStudioVersion = 10.0.40219.1
Project("{FAE04EC0-301F-11D3-BF4B-00C04F79EFBC}") = "UnitsNetQuantityExtensionExample", "UnitsNetQuantityExtensionExample\UnitsNetQuantityExtensionExample.csproj", "{84283213-44ED-49C6-B132-66A8BF189BF6}"
EndProject
Project("{9A19103F-16F7-4668-BE54-9A1E7A4F7556}") = "CodeGen", "UnitsNet\CodeGen\CodeGen.csproj", "{27A9D48F-D865-4704-A495-3D040DE80AF4}"
EndProject
Project("{9A19103F-16F7-4668-BE54-9A1E7A4F7556}") = "UnitsNet", "UnitsNet\UnitsNet\UnitsNet.csproj", "{ED93A27C-CD30-4482-9455-E5D45FB75D3F}"
EndProject
Global
	GlobalSection(SolutionConfigurationPlatforms) = preSolution
		Debug|Any CPU = Debug|Any CPU
		Release|Any CPU = Release|Any CPU
	EndGlobalSection
	GlobalSection(ProjectConfigurationPlatforms) = postSolution
		{84283213-44ED-49C6-B132-66A8BF189BF6}.Debug|Any CPU.ActiveCfg = Debug|Any CPU
		{84283213-44ED-49C6-B132-66A8BF189BF6}.Debug|Any CPU.Build.0 = Debug|Any CPU
		{84283213-44ED-49C6-B132-66A8BF189BF6}.Release|Any CPU.ActiveCfg = Release|Any CPU
		{84283213-44ED-49C6-B132-66A8BF189BF6}.Release|Any CPU.Build.0 = Release|Any CPU
		{27A9D48F-D865-4704-A495-3D040DE80AF4}.Debug|Any CPU.ActiveCfg = Debug|Any CPU
		{27A9D48F-D865-4704-A495-3D040DE80AF4}.Debug|Any CPU.Build.0 = Debug|Any CPU
		{27A9D48F-D865-4704-A495-3D040DE80AF4}.Release|Any CPU.ActiveCfg = Release|Any CPU
		{27A9D48F-D865-4704-A495-3D040DE80AF4}.Release|Any CPU.Build.0 = Release|Any CPU
		{ED93A27C-CD30-4482-9455-E5D45FB75D3F}.Debug|Any CPU.ActiveCfg = Debug|Any CPU
		{ED93A27C-CD30-4482-9455-E5D45FB75D3F}.Debug|Any CPU.Build.0 = Debug|Any CPU
		{ED93A27C-CD30-4482-9455-E5D45FB75D3F}.Release|Any CPU.ActiveCfg = Release|Any CPU
		{ED93A27C-CD30-4482-9455-E5D45FB75D3F}.Release|Any CPU.Build.0 = Release|Any CPU
	EndGlobalSection
	GlobalSection(SolutionProperties) = preSolution
		HideSolutionNode = FALSE
	EndGlobalSection
	GlobalSection(ExtensibilityGlobals) = postSolution
		SolutionGuid = {DA8C2981-DA4C-4E3A-B9E3-4633F1896DF9}
	EndGlobalSection
EndGlobal
