
Microsoft Visual Studio Solution File, Format Version 12.00
# Visual Studio Version 16
VisualStudioVersion = 16.0.30621.155
MinimumVisualStudioVersion = 10.0.40219.1
Project("{FAE04EC0-301F-11D3-BF4B-00C04F79EFBC}") = "UnitsNetQuantityExtensionExample", "UnitsNetQuantityExtensionExample\UnitsNetQuantityExtensionExample.csproj", "{84283213-44ED-49C6-B132-66A8BF189BF6}"
EndProject
Global
	GlobalSection(SolutionConfigurationPlatforms) = preSolution
		Debug|Any CPU = Debug|Any CPU
		Release|Any CPU = Release|Any CPU
	EndGlobalSection
	GlobalSection(ProjectConfigurationPlatforms) = postSolution
		{84283213-44ED-49C6-B132-66A8BF189BF6}.Debug|Any CPU.ActiveCfg = Debug|Any CPU
		{84283213-44ED-49C6-B132-66A8BF189BF6}.Debug|Any CPU.Build.0 = Debug|Any CPU
		{84283213-44ED-49C6-B132-66A8BF189BF6}.Release|Any CPU.ActiveCfg = Release|Any CPU
		{84283213-44ED-49C6-B132-66A8BF189BF6}.Release|Any CPU.Build.0 = Release|Any CPU
	EndGlobalSection
	GlobalSection(SolutionProperties) = preSolution
		HideSolutionNode = FALSE
	EndGlobalSection
	GlobalSection(ExtensibilityGlobals) = postSolution
		SolutionGuid = {DA8C2981-DA4C-4E3A-B9E3-4633F1896DF9}
	EndGlobalSection
EndGlobal
